// !$*UTF8*$!
{
	archiveVersion = 1;
	classes = {
	};
	objectVersion = 46;
	objects = {

/* Begin PBXBuildFile section */
		FEC7C4C71B50037800FF5E21 /* main.cpp in Sources */ = {isa = PBXBuildFile; fileRef = FEC7C4C61B50037800FF5E21 /* main.cpp */; };
		FEC7C4CF1B50039D00FF5E21 /* Engine.cpp in Sources */ = {isa = PBXBuildFile; fileRef = FEC7C4CD1B50039D00FF5E21 /* Engine.cpp */; };
		FEC7C4D11B5008B700FF5E21 /* libCHAI-MacOS.a in Frameworks */ = {isa = PBXBuildFile; fileRef = FEC7C4D01B5008B700FF5E21 /* libCHAI-MacOS.a */; };
		FEC7C4D31B50099900FF5E21 /* CoreFoundation.framework in Frameworks */ = {isa = PBXBuildFile; fileRef = FEC7C4D21B50099900FF5E21 /* CoreFoundation.framework */; };
		FEC7C4D71B500A3000FF5E21 /* Cocoa.framework in Frameworks */ = {isa = PBXBuildFile; fileRef = FEC7C4D61B500A3000FF5E21 /* Cocoa.framework */; };
/* End PBXBuildFile section */

/* Begin PBXCopyFilesBuildPhase section */
		FEC7C4C11B50037800FF5E21 /* CopyFiles */ = {
			isa = PBXCopyFilesBuildPhase;
			buildActionMask = 2147483647;
			dstPath = /usr/share/man/man1/;
			dstSubfolderSpec = 0;
			files = (
			);
			runOnlyForDeploymentPostprocessing = 1;
		};
/* End PBXCopyFilesBuildPhase section */

/* Begin PBXFileReference section */
		FEC7C4C31B50037800FF5E21 /* TestCopperlan */ = {isa = PBXFileReference; explicitFileType = "compiled.mach-o.executable"; includeInIndex = 0; path = TestCopperlan; sourceTree = BUILT_PRODUCTS_DIR; };
		FEC7C4C61B50037800FF5E21 /* main.cpp */ = {isa = PBXFileReference; lastKnownFileType = sourcecode.cpp.cpp; path = main.cpp; sourceTree = "<group>"; };
		FEC7C4CD1B50039D00FF5E21 /* Engine.cpp */ = {isa = PBXFileReference; fileEncoding = 4; lastKnownFileType = sourcecode.cpp.cpp; path = Engine.cpp; sourceTree = "<group>"; };
		FEC7C4CE1B50039D00FF5E21 /* Engine.h */ = {isa = PBXFileReference; fileEncoding = 4; lastKnownFileType = sourcecode.c.h; path = Engine.h; sourceTree = "<group>"; };
		FEC7C4D01B5008B700FF5E21 /* libCHAI-MacOS.a */ = {isa = PBXFileReference; lastKnownFileType = archive.ar; name = "libCHAI-MacOS.a"; path = "../sdks/MacSDK/Libs/MacOS/libCHAI-MacOS.a"; sourceTree = "<group>"; };
		FEC7C4D21B50099900FF5E21 /* CoreFoundation.framework */ = {isa = PBXFileReference; lastKnownFileType = wrapper.framework; name = CoreFoundation.framework; path = System/Library/Frameworks/CoreFoundation.framework; sourceTree = SDKROOT; };
		FEC7C4D61B500A3000FF5E21 /* Cocoa.framework */ = {isa = PBXFileReference; lastKnownFileType = wrapper.framework; name = Cocoa.framework; path = System/Library/Frameworks/Cocoa.framework; sourceTree = SDKROOT; };
/* End PBXFileReference section */

/* Begin PBXFrameworksBuildPhase section */
		FEC7C4C01B50037800FF5E21 /* Frameworks */ = {
			isa = PBXFrameworksBuildPhase;
			buildActionMask = 2147483647;
			files = (
				FEC7C4D71B500A3000FF5E21 /* Cocoa.framework in Frameworks */,
				FEC7C4D31B50099900FF5E21 /* CoreFoundation.framework in Frameworks */,
				FEC7C4D11B5008B700FF5E21 /* libCHAI-MacOS.a in Frameworks */,
			);
			runOnlyForDeploymentPostprocessing = 0;
		};
/* End PBXFrameworksBuildPhase section */

/* Begin PBXGroup section */
		FEC7C4BA1B50037800FF5E21 = {
			isa = PBXGroup;
			children = (
				FEC7C4D61B500A3000FF5E21 /* Cocoa.framework */,
				FEC7C4D21B50099900FF5E21 /* CoreFoundation.framework */,
				FEC7C4C51B50037800FF5E21 /* TestCopperlan */,
				FEC7C4C41B50037800FF5E21 /* Products */,
				FEC7C4D01B5008B700FF5E21 /* libCHAI-MacOS.a */,
			);
			sourceTree = "<group>";
		};
		FEC7C4C41B50037800FF5E21 /* Products */ = {
			isa = PBXGroup;
			children = (
				FEC7C4C31B50037800FF5E21 /* TestCopperlan */,
			);
			name = Products;
			sourceTree = "<group>";
		};
		FEC7C4C51B50037800FF5E21 /* TestCopperlan */ = {
			isa = PBXGroup;
			children = (
				FEC7C4C61B50037800FF5E21 /* main.cpp */,
				FEC7C4CD1B50039D00FF5E21 /* Engine.cpp */,
				FEC7C4CE1B50039D00FF5E21 /* Engine.h */,
			);
			path = TestCopperlan;
			sourceTree = "<group>";
		};
/* End PBXGroup section */

/* Begin PBXNativeTarget section */
		FEC7C4C21B50037800FF5E21 /* TestCopperlan */ = {
			isa = PBXNativeTarget;
			buildConfigurationList = FEC7C4CA1B50037800FF5E21 /* Build configuration list for PBXNativeTarget "TestCopperlan" */;
			buildPhases = (
				FEC7C4BF1B50037800FF5E21 /* Sources */,
				FEC7C4C01B50037800FF5E21 /* Frameworks */,
				FEC7C4C11B50037800FF5E21 /* CopyFiles */,
			);
			buildRules = (
			);
			dependencies = (
			);
			name = TestCopperlan;
			productName = TestCopperlan;
			productReference = FEC7C4C31B50037800FF5E21 /* TestCopperlan */;
			productType = "com.apple.product-type.tool";
		};
/* End PBXNativeTarget section */

/* Begin PBXProject section */
		FEC7C4BB1B50037800FF5E21 /* Project object */ = {
			isa = PBXProject;
			attributes = {
				LastUpgradeCheck = 0640;
				ORGANIZATIONNAME = "Ludovic Laffineur";
				TargetAttributes = {
					FEC7C4C21B50037800FF5E21 = {
						CreatedOnToolsVersion = 6.4;
					};
				};
			};
			buildConfigurationList = FEC7C4BE1B50037800FF5E21 /* Build configuration list for PBXProject "TestCopperlan" */;
			compatibilityVersion = "Xcode 3.2";
			developmentRegion = English;
			hasScannedForEncodings = 0;
			knownRegions = (
				en,
			);
			mainGroup = FEC7C4BA1B50037800FF5E21;
			productRefGroup = FEC7C4C41B50037800FF5E21 /* Products */;
			projectDirPath = "";
			projectRoot = "";
			targets = (
				FEC7C4C21B50037800FF5E21 /* TestCopperlan */,
			);
		};
/* End PBXProject section */

/* Begin PBXSourcesBuildPhase section */
		FEC7C4BF1B50037800FF5E21 /* Sources */ = {
			isa = PBXSourcesBuildPhase;
			buildActionMask = 2147483647;
			files = (
				FEC7C4C71B50037800FF5E21 /* main.cpp in Sources */,
				FEC7C4CF1B50039D00FF5E21 /* Engine.cpp in Sources */,
			);
			runOnlyForDeploymentPostprocessing = 0;
		};
/* End PBXSourcesBuildPhase section */

/* Begin XCBuildConfiguration section */
		FEC7C4C81B50037800FF5E21 /* Debug */ = {
			isa = XCBuildConfiguration;
			buildSettings = {
				ALWAYS_SEARCH_USER_PATHS = NO;
				CLANG_CXX_LANGUAGE_STANDARD = "gnu++0x";
				CLANG_CXX_LIBRARY = "libc++";
				CLANG_ENABLE_MODULES = YES;
				CLANG_ENABLE_OBJC_ARC = YES;
				CLANG_WARN_BOOL_CONVERSION = YES;
				CLANG_WARN_CONSTANT_CONVERSION = YES;
				CLANG_WARN_DIRECT_OBJC_ISA_USAGE = YES_ERROR;
				CLANG_WARN_EMPTY_BODY = YES;
				CLANG_WARN_ENUM_CONVERSION = YES;
				CLANG_WARN_INT_CONVERSION = YES;
				CLANG_WARN_OBJC_ROOT_CLASS = YES_ERROR;
				CLANG_WARN_UNREACHABLE_CODE = YES;
				CLANG_WARN__DUPLICATE_METHOD_MATCH = YES;
				COPY_PHASE_STRIP = NO;
				DEBUG_INFORMATION_FORMAT = dwarf;
				ENABLE_STRICT_OBJC_MSGSEND = YES;
				GCC_C_LANGUAGE_STANDARD = gnu99;
				GCC_DYNAMIC_NO_PIC = NO;
				GCC_NO_COMMON_BLOCKS = YES;
				GCC_OPTIMIZATION_LEVEL = 0;
				GCC_PREPROCESSOR_DEFINITIONS = (
					"DEBUG=1",
					"$(inherited)",
				);
				GCC_SYMBOLS_PRIVATE_EXTERN = NO;
				GCC_WARN_64_TO_32_BIT_CONVERSION = YES;
				GCC_WARN_ABOUT_RETURN_TYPE = YES_ERROR;
				GCC_WARN_UNDECLARED_SELECTOR = YES;
				GCC_WARN_UNINITIALIZED_AUTOS = YES_AGGRESSIVE;
				GCC_WARN_UNUSED_FUNCTION = YES;
				GCC_WARN_UNUSED_VARIABLE = YES;
				MACOSX_DEPLOYMENT_TARGET = 10.10;
				MTL_ENABLE_DEBUG_INFO = YES;
				ONLY_ACTIVE_ARCH = YES;
				SDKROOT = macosx;
			};
			name = Debug;
		};
		FEC7C4C91B50037800FF5E21 /* Release */ = {
			isa = XCBuildConfiguration;
			buildSettings = {
				ALWAYS_SEARCH_USER_PATHS = NO;
				CLANG_CXX_LANGUAGE_STANDARD = "gnu++0x";
				CLANG_CXX_LIBRARY = "libc++";
				CLANG_ENABLE_MODULES = YES;
				CLANG_ENABLE_OBJC_ARC = YES;
				CLANG_WARN_BOOL_CONVERSION = YES;
				CLANG_WARN_CONSTANT_CONVERSION = YES;
				CLANG_WARN_DIRECT_OBJC_ISA_USAGE = YES_ERROR;
				CLANG_WARN_EMPTY_BODY = YES;
				CLANG_WARN_ENUM_CONVERSION = YES;
				CLANG_WARN_INT_CONVERSION = YES;
				CLANG_WARN_OBJC_ROOT_CLASS = YES_ERROR;
				CLANG_WARN_UNREACHABLE_CODE = YES;
				CLANG_WARN__DUPLICATE_METHOD_MATCH = YES;
				COPY_PHASE_STRIP = NO;
				DEBUG_INFORMATION_FORMAT = "dwarf-with-dsym";
				ENABLE_NS_ASSERTIONS = NO;
				ENABLE_STRICT_OBJC_MSGSEND = YES;
				GCC_C_LANGUAGE_STANDARD = gnu99;
				GCC_NO_COMMON_BLOCKS = YES;
				GCC_WARN_64_TO_32_BIT_CONVERSION = YES;
				GCC_WARN_ABOUT_RETURN_TYPE = YES_ERROR;
				GCC_WARN_UNDECLARED_SELECTOR = YES;
				GCC_WARN_UNINITIALIZED_AUTOS = YES_AGGRESSIVE;
				GCC_WARN_UNUSED_FUNCTION = YES;
				GCC_WARN_UNUSED_VARIABLE = YES;
				MACOSX_DEPLOYMENT_TARGET = 10.10;
				MTL_ENABLE_DEBUG_INFO = NO;
				SDKROOT = macosx;
			};
			name = Release;
		};
		FEC7C4CB1B50037800FF5E21 /* Debug */ = {
			isa = XCBuildConfiguration;
			buildSettings = {
				ALWAYS_SEARCH_USER_PATHS = YES;
				ARCHS = "$(ARCHS_STANDARD)";
				LIBRARY_SEARCH_PATHS = (
					"$(inherited)",
					/Users/ludoviclaffineur/Documents/sdks/MacSDK/Libs/MacOS,
				);
				PRODUCT_NAME = "$(TARGET_NAME)";
				USER_HEADER_SEARCH_PATHS = /Users/ludoviclaffineur/Documents/sdks/MacSDK/Includes;
			};
			name = Debug;
		};
		FEC7C4CC1B50037800FF5E21 /* Release */ = {
			isa = XCBuildConfiguration;
			buildSettings = {
				ALWAYS_SEARCH_USER_PATHS = YES;
				ARCHS = "$(ARCHS_STANDARD)";
				LIBRARY_SEARCH_PATHS = (
					"$(inherited)",
					/Users/ludoviclaffineur/Documents/sdks/MacSDK/Libs/MacOS,
				);
				PRODUCT_NAME = "$(TARGET_NAME)";
				USER_HEADER_SEARCH_PATHS = /Users/ludoviclaffineur/Documents/sdks/MacSDK/Includes;
			};
			name = Release;
		};
/* End XCBuildConfiguration section */

/* Begin XCConfigurationList section */
		FEC7C4BE1B50037800FF5E21 /* Build configuration list for PBXProject "TestCopperlan" */ = {
			isa = XCConfigurationList;
			buildConfigurations = (
				FEC7C4C81B50037800FF5E21 /* Debug */,
				FEC7C4C91B50037800FF5E21 /* Release */,
			);
			defaultConfigurationIsVisible = 0;
			defaultConfigurationName = Release;
		};
		FEC7C4CA1B50037800FF5E21 /* Build configuration list for PBXNativeTarget "TestCopperlan" */ = {
			isa = XCConfigurationList;
			buildConfigurations = (
				FEC7C4CB1B50037800FF5E21 /* Debug */,
				FEC7C4CC1B50037800FF5E21 /* Release */,
			);
			defaultConfigurationIsVisible = 0;
		};
/* End XCConfigurationList section */
	};
	rootObject = FEC7C4BB1B50037800FF5E21 /* Project object */;
}
